
Microsoft Visual Studio Solution File, Format Version 12.00
# Visual Studio 2015
Project("{FAE04EC0-301F-11D3-BF4B-00C04F79EFBC}") = "DigitalBeastExplorer.Plugins", "DigitalBeastExplorer.Plugins.csproj", "{4B38782F-A3DE-9F4D-3664-B54599718F05}"
EndProject
Project("{FAE04EC0-301F-11D3-BF4B-00C04F79EFBC}") = "DigitalBeastExplorer", "DigitalBeastExplorer.csproj", "{23BED271-0908-B008-AD1F-C6A48E637E57}"
EndProject
Project("{FAE04EC0-301F-11D3-BF4B-00C04F79EFBC}") = "DigitalBeastExplorer.Editor", "DigitalBeastExplorer.Editor.csproj", "{8B16CDB0-E87C-7B4D-206A-3602A1C7C7F8}"
EndProject
Global
	GlobalSection(SolutionConfigurationPlatforms) = preSolution
		Debug|Any CPU = Debug|Any CPU
		Release|Any CPU = Release|Any CPU
	EndGlobalSection
	GlobalSection(ProjectConfigurationPlatforms) = postSolution
		{4B38782F-A3DE-9F4D-3664-B54599718F05}.Debug|Any CPU.ActiveCfg = Debug|Any CPU
		{4B38782F-A3DE-9F4D-3664-B54599718F05}.Debug|Any CPU.Build.0 = Debug|Any CPU
		{4B38782F-A3DE-9F4D-3664-B54599718F05}.Release|Any CPU.ActiveCfg = Release|Any CPU
		{4B38782F-A3DE-9F4D-3664-B54599718F05}.Release|Any CPU.Build.0 = Release|Any CPU
		{23BED271-0908-B008-AD1F-C6A48E637E57}.Debug|Any CPU.ActiveCfg = Debug|Any CPU
		{23BED271-0908-B008-AD1F-C6A48E637E57}.Debug|Any CPU.Build.0 = Debug|Any CPU
		{23BED271-0908-B008-AD1F-C6A48E637E57}.Release|Any CPU.ActiveCfg = Release|Any CPU
		{23BED271-0908-B008-AD1F-C6A48E637E57}.Release|Any CPU.Build.0 = Release|Any CPU
		{8B16CDB0-E87C-7B4D-206A-3602A1C7C7F8}.Debug|Any CPU.ActiveCfg = Debug|Any CPU
		{8B16CDB0-E87C-7B4D-206A-3602A1C7C7F8}.Debug|Any CPU.Build.0 = Debug|Any CPU
		{8B16CDB0-E87C-7B4D-206A-3602A1C7C7F8}.Release|Any CPU.ActiveCfg = Release|Any CPU
		{8B16CDB0-E87C-7B4D-206A-3602A1C7C7F8}.Release|Any CPU.Build.0 = Release|Any CPU
	EndGlobalSection
	GlobalSection(SolutionProperties) = preSolution
		HideSolutionNode = FALSE
	EndGlobalSection
EndGlobal
